
Microsoft Visual Studio Solution File, Format Version 12.00
# Visual Studio 15
VisualStudioVersion = 15.0.28307.572
MinimumVisualStudioVersion = 10.0.40219.1
Project("{FAE04EC0-301F-11D3-BF4B-00C04F79EFBC}") = "EmployeeManagementSystem", "EmployeeManagementSystem.csproj", "{D4D9F4FB-8A1C-4629-AFD0-847513022C7E}"
EndProject
Global
	GlobalSection(SolutionConfigurationPlatforms) = preSolution
		Debug|Any CPU = Debug|Any CPU
		Release|Any CPU = Release|Any CPU
	EndGlobalSection
	GlobalSection(ProjectConfigurationPlatforms) = postSolution
		{D4D9F4FB-8A1C-4629-AFD0-847513022C7E}.Debug|Any CPU.ActiveCfg = Debug|Any CPU
		{D4D9F4FB-8A1C-4629-AFD0-847513022C7E}.Debug|Any CPU.Build.0 = Debug|Any CPU
		{D4D9F4FB-8A1C-4629-AFD0-847513022C7E}.Release|Any CPU.ActiveCfg = Release|Any CPU
		{D4D9F4FB-8A1C-4629-AFD0-847513022C7E}.Release|Any CPU.Build.0 = Release|Any CPU
	EndGlobalSection
	GlobalSection(SolutionProperties) = preSolution
		HideSolutionNode = FALSE
	EndGlobalSection
	GlobalSection(ExtensibilityGlobals) = postSolution
		SolutionGuid = {63AEB27F-0426-430B-A84B-ED6521D21503}
	EndGlobalSection
EndGlobal
